// !$*UTF8*$!
{
	archiveVersion = 1;
	classes = {
	};
	objectVersion = 46;
	objects = {

/* Begin PBXBuildFile section */
		18B803771F1DA2A300B52432 /* main.m in Sources */ = {isa = PBXBuildFile; fileRef = 18B803761F1DA2A300B52432 /* main.m */; };
		18B8037A1F1DA2A300B52432 /* AppDelegate.m in Sources */ = {isa = PBXBuildFile; fileRef = 18B803791F1DA2A300B52432 /* AppDelegate.m */; };
		18B8037D1F1DA2A300B52432 /* ViewController.m in Sources */ = {isa = PBXBuildFile; fileRef = 18B8037C1F1DA2A300B52432 /* ViewController.m */; };
		18B803801F1DA2A300B52432 /* Main.storyboard in Resources */ = {isa = PBXBuildFile; fileRef = 18B8037E1F1DA2A300B52432 /* Main.storyboard */; };
		18B803821F1DA2A300B52432 /* Assets.xcassets in Resources */ = {isa = PBXBuildFile; fileRef = 18B803811F1DA2A300B52432 /* Assets.xcassets */; };
		18B803851F1DA2A300B52432 /* LaunchScreen.storyboard in Resources */ = {isa = PBXBuildFile; fileRef = 18B803831F1DA2A300B52432 /* LaunchScreen.storyboard */; };
		18B803901F1DA2A300B52432 /* CarWashingTests.m in Sources */ = {isa = PBXBuildFile; fileRef = 18B8038F1F1DA2A300B52432 /* CarWashingTests.m */; };
		18B8039B1F1DA2A300B52432 /* CarWashingUITests.m in Sources */ = {isa = PBXBuildFile; fileRef = 18B8039A1F1DA2A300B52432 /* CarWashingUITests.m */; };
/* End PBXBuildFile section */

/* Begin PBXContainerItemProxy section */
		18B8038C1F1DA2A300B52432 /* PBXContainerItemProxy */ = {
			isa = PBXContainerItemProxy;
			containerPortal = 18B8036A1F1DA2A300B52432 /* Project object */;
			proxyType = 1;
			remoteGlobalIDString = 18B803711F1DA2A300B52432;
			remoteInfo = CarWashing;
		};
		18B803971F1DA2A300B52432 /* PBXContainerItemProxy */ = {
			isa = PBXContainerItemProxy;
			containerPortal = 18B8036A1F1DA2A300B52432 /* Project object */;
			proxyType = 1;
			remoteGlobalIDString = 18B803711F1DA2A300B52432;
			remoteInfo = CarWashing;
		};
/* End PBXContainerItemProxy section */

/* Begin PBXFileReference section */
		18B803721F1DA2A300B52432 /* CarWashing.app */ = {isa = PBXFileReference; explicitFileType = wrapper.application; includeInIndex = 0; path = CarWashing.app; sourceTree = BUILT_PRODUCTS_DIR; };
		18B803761F1DA2A300B52432 /* main.m */ = {isa = PBXFileReference; lastKnownFileType = sourcecode.c.objc; path = main.m; sourceTree = "<group>"; };
		18B803781F1DA2A300B52432 /* AppDelegate.h */ = {isa = PBXFileReference; lastKnownFileType = sourcecode.c.h; path = AppDelegate.h; sourceTree = "<group>"; };
		18B803791F1DA2A300B52432 /* AppDelegate.m */ = {isa = PBXFileReference; lastKnownFileType = sourcecode.c.objc; path = AppDelegate.m; sourceTree = "<group>"; };
		18B8037B1F1DA2A300B52432 /* ViewController.h */ = {isa = PBXFileReference; lastKnownFileType = sourcecode.c.h; path = ViewController.h; sourceTree = "<group>"; };
		18B8037C1F1DA2A300B52432 /* ViewController.m */ = {isa = PBXFileReference; lastKnownFileType = sourcecode.c.objc; path = ViewController.m; sourceTree = "<group>"; };
		18B8037F1F1DA2A300B52432 /* Base */ = {isa = PBXFileReference; lastKnownFileType = file.storyboard; name = Base; path = Base.lproj/Main.storyboard; sourceTree = "<group>"; };
		18B803811F1DA2A300B52432 /* Assets.xcassets */ = {isa = PBXFileReference; lastKnownFileType = folder.assetcatalog; path = Assets.xcassets; sourceTree = "<group>"; };
		18B803841F1DA2A300B52432 /* Base */ = {isa = PBXFileReference; lastKnownFileType = file.storyboard; name = Base; path = Base.lproj/LaunchScreen.storyboard; sourceTree = "<group>"; };
		18B803861F1DA2A300B52432 /* Info.plist */ = {isa = PBXFileReference; lastKnownFileType = text.plist.xml; path = Info.plist; sourceTree = "<group>"; };
		18B8038B1F1DA2A300B52432 /* CarWashingTests.xctest */ = {isa = PBXFileReference; explicitFileType = wrapper.cfbundle; includeInIndex = 0; path = CarWashingTests.xctest; sourceTree = BUILT_PRODUCTS_DIR; };
		18B8038F1F1DA2A300B52432 /* CarWashingTests.m */ = {isa = PBXFileReference; lastKnownFileType = sourcecode.c.objc; path = CarWashingTests.m; sourceTree = "<group>"; };
		18B803911F1DA2A300B52432 /* Info.plist */ = {isa = PBXFileReference; lastKnownFileType = text.plist.xml; path = Info.plist; sourceTree = "<group>"; };
		18B803961F1DA2A300B52432 /* CarWashingUITests.xctest */ = {isa = PBXFileReference; explicitFileType = wrapper.cfbundle; includeInIndex = 0; path = CarWashingUITests.xctest; sourceTree = BUILT_PRODUCTS_DIR; };
		18B8039A1F1DA2A300B52432 /* CarWashingUITests.m */ = {isa = PBXFileReference; lastKnownFileType = sourcecode.c.objc; path = CarWashingUITests.m; sourceTree = "<group>"; };
		18B8039C1F1DA2A300B52432 /* Info.plist */ = {isa = PBXFileReference; lastKnownFileType = text.plist.xml; path = Info.plist; sourceTree = "<group>"; };
/* End PBXFileReference section */

/* Begin PBXFrameworksBuildPhase section */
		18B8036F1F1DA2A300B52432 /* Frameworks */ = {
			isa = PBXFrameworksBuildPhase;
			buildActionMask = 2147483647;
			files = (
			);
			runOnlyForDeploymentPostprocessing = 0;
		};
		18B803881F1DA2A300B52432 /* Frameworks */ = {
			isa = PBXFrameworksBuildPhase;
			buildActionMask = 2147483647;
			files = (
			);
			runOnlyForDeploymentPostprocessing = 0;
		};
		18B803931F1DA2A300B52432 /* Frameworks */ = {
			isa = PBXFrameworksBuildPhase;
			buildActionMask = 2147483647;
			files = (
			);
			runOnlyForDeploymentPostprocessing = 0;
		};
/* End PBXFrameworksBuildPhase section */

/* Begin PBXGroup section */
		18B803691F1DA2A300B52432 = {
			isa = PBXGroup;
			children = (
				18B803741F1DA2A300B52432 /* CarWashing */,
				18B8038E1F1DA2A300B52432 /* CarWashingTests */,
				18B803991F1DA2A300B52432 /* CarWashingUITests */,
				18B803731F1DA2A300B52432 /* Products */,
			);
			sourceTree = "<group>";
		};
		18B803731F1DA2A300B52432 /* Products */ = {
			isa = PBXGroup;
			children = (
				18B803721F1DA2A300B52432 /* CarWashing.app */,
				18B8038B1F1DA2A300B52432 /* CarWashingTests.xctest */,
				18B803961F1DA2A300B52432 /* CarWashingUITests.xctest */,
			);
			name = Products;
			sourceTree = "<group>";
		};
		18B803741F1DA2A300B52432 /* CarWashing */ = {
			isa = PBXGroup;
			children = (
				18B803781F1DA2A300B52432 /* AppDelegate.h */,
				18B803791F1DA2A300B52432 /* AppDelegate.m */,
				18B8037B1F1DA2A300B52432 /* ViewController.h */,
				18B8037C1F1DA2A300B52432 /* ViewController.m */,
				18B8037E1F1DA2A300B52432 /* Main.storyboard */,
				18B803811F1DA2A300B52432 /* Assets.xcassets */,
				18B803831F1DA2A300B52432 /* LaunchScreen.storyboard */,
				18B803861F1DA2A300B52432 /* Info.plist */,
				18B803751F1DA2A300B52432 /* Supporting Files */,
			);
			path = CarWashing;
			sourceTree = "<group>";
		};
		18B803751F1DA2A300B52432 /* Supporting Files */ = {
			isa = PBXGroup;
			children = (
				18B803761F1DA2A300B52432 /* main.m */,
			);
			name = "Supporting Files";
			sourceTree = "<group>";
		};
		18B8038E1F1DA2A300B52432 /* CarWashingTests */ = {
			isa = PBXGroup;
			children = (
				18B8038F1F1DA2A300B52432 /* CarWashingTests.m */,
				18B803911F1DA2A300B52432 /* Info.plist */,
			);
			path = CarWashingTests;
			sourceTree = "<group>";
		};
		18B803991F1DA2A300B52432 /* CarWashingUITests */ = {
			isa = PBXGroup;
			children = (
				18B8039A1F1DA2A300B52432 /* CarWashingUITests.m */,
				18B8039C1F1DA2A300B52432 /* Info.plist */,
			);
			path = CarWashingUITests;
			sourceTree = "<group>";
		};
/* End PBXGroup section */

/* Begin PBXNativeTarget section */
		18B803711F1DA2A300B52432 /* CarWashing */ = {
			isa = PBXNativeTarget;
			buildConfigurationList = 18B8039F1F1DA2A300B52432 /* Build configuration list for PBXNativeTarget "CarWashing" */;
			buildPhases = (
				18B8036E1F1DA2A300B52432 /* Sources */,
				18B8036F1F1DA2A300B52432 /* Frameworks */,
				18B803701F1DA2A300B52432 /* Resources */,
			);
			buildRules = (
			);
			dependencies = (
			);
			name = CarWashing;
			productName = CarWashing;
			productReference = 18B803721F1DA2A300B52432 /* CarWashing.app */;
			productType = "com.apple.product-type.application";
		};
		18B8038A1F1DA2A300B52432 /* CarWashingTests */ = {
			isa = PBXNativeTarget;
			buildConfigurationList = 18B803A21F1DA2A300B52432 /* Build configuration list for PBXNativeTarget "CarWashingTests" */;
			buildPhases = (
				18B803871F1DA2A300B52432 /* Sources */,
				18B803881F1DA2A300B52432 /* Frameworks */,
				18B803891F1DA2A300B52432 /* Resources */,
			);
			buildRules = (
			);
			dependencies = (
				18B8038D1F1DA2A300B52432 /* PBXTargetDependency */,
			);
			name = CarWashingTests;
			productName = CarWashingTests;
			productReference = 18B8038B1F1DA2A300B52432 /* CarWashingTests.xctest */;
			productType = "com.apple.product-type.bundle.unit-test";
		};
		18B803951F1DA2A300B52432 /* CarWashingUITests */ = {
			isa = PBXNativeTarget;
			buildConfigurationList = 18B803A51F1DA2A300B52432 /* Build configuration list for PBXNativeTarget "CarWashingUITests" */;
			buildPhases = (
				18B803921F1DA2A300B52432 /* Sources */,
				18B803931F1DA2A300B52432 /* Frameworks */,
				18B803941F1DA2A300B52432 /* Resources */,
			);
			buildRules = (
			);
			dependencies = (
				18B803981F1DA2A300B52432 /* PBXTargetDependency */,
			);
			name = CarWashingUITests;
			productName = CarWashingUITests;
			productReference = 18B803961F1DA2A300B52432 /* CarWashingUITests.xctest */;
			productType = "com.apple.product-type.bundle.ui-testing";
		};
/* End PBXNativeTarget section */

/* Begin PBXProject section */
		18B8036A1F1DA2A300B52432 /* Project object */ = {
			isa = PBXProject;
			attributes = {
				LastUpgradeCheck = 0830;
				ORGANIZATIONNAME = DS;
				TargetAttributes = {
					18B803711F1DA2A300B52432 = {
						CreatedOnToolsVersion = 8.3.3;
						ProvisioningStyle = Automatic;
					};
					18B8038A1F1DA2A300B52432 = {
						CreatedOnToolsVersion = 8.3.3;
						ProvisioningStyle = Automatic;
						TestTargetID = 18B803711F1DA2A300B52432;
					};
					18B803951F1DA2A300B52432 = {
						CreatedOnToolsVersion = 8.3.3;
						ProvisioningStyle = Automatic;
						TestTargetID = 18B803711F1DA2A300B52432;
					};
				};
			};
			buildConfigurationList = 18B8036D1F1DA2A300B52432 /* Build configuration list for PBXProject "CarWashing" */;
			compatibilityVersion = "Xcode 3.2";
			developmentRegion = English;
			hasScannedForEncodings = 0;
			knownRegions = (
				en,
				Base,
			);
			mainGroup = 18B803691F1DA2A300B52432;
			productRefGroup = 18B803731F1DA2A300B52432 /* Products */;
			projectDirPath = "";
			projectRoot = "";
			targets = (
				18B803711F1DA2A300B52432 /* CarWashing */,
				18B8038A1F1DA2A300B52432 /* CarWashingTests */,
				18B803951F1DA2A300B52432 /* CarWashingUITests */,
			);
		};
/* End PBXProject section */

/* Begin PBXResourcesBuildPhase section */
		18B803701F1DA2A300B52432 /* Resources */ = {
			isa = PBXResourcesBuildPhase;
			buildActionMask = 2147483647;
			files = (
				18B803851F1DA2A300B52432 /* LaunchScreen.storyboard in Resources */,
				18B803821F1DA2A300B52432 /* Assets.xcassets in Resources */,
				18B803801F1DA2A300B52432 /* Main.storyboard in Resources */,
			);
			runOnlyForDeploymentPostprocessing = 0;
		};
		18B803891F1DA2A300B52432 /* Resources */ = {
			isa = PBXResourcesBuildPhase;
			buildActionMask = 2147483647;
			files = (
			);
			runOnlyForDeploymentPostprocessing = 0;
		};
		18B803941F1DA2A300B52432 /* Resources */ = {
			isa = PBXResourcesBuildPhase;
			buildActionMask = 2147483647;
			files = (
			);
			runOnlyForDeploymentPostprocessing = 0;
		};
/* End PBXResourcesBuildPhase section */

/* Begin PBXSourcesBuildPhase section */
		18B8036E1F1DA2A300B52432 /* Sources */ = {
			isa = PBXSourcesBuildPhase;
			buildActionMask = 2147483647;
			files = (
				18B8037D1F1DA2A300B52432 /* ViewController.m in Sources */,
				18B8037A1F1DA2A300B52432 /* AppDelegate.m in Sources */,
				18B803771F1DA2A300B52432 /* main.m in Sources */,
			);
			runOnlyForDeploymentPostprocessing = 0;
		};
		18B803871F1DA2A300B52432 /* Sources */ = {
			isa = PBXSourcesBuildPhase;
			buildActionMask = 2147483647;
			files = (
				18B803901F1DA2A300B52432 /* CarWashingTests.m in Sources */,
			);
			runOnlyForDeploymentPostprocessing = 0;
		};
		18B803921F1DA2A300B52432 /* Sources */ = {
			isa = PBXSourcesBuildPhase;
			buildActionMask = 2147483647;
			files = (
				18B8039B1F1DA2A300B52432 /* CarWashingUITests.m in Sources */,
			);
			runOnlyForDeploymentPostprocessing = 0;
		};
/* End PBXSourcesBuildPhase section */

/* Begin PBXTargetDependency section */
		18B8038D1F1DA2A300B52432 /* PBXTargetDependency */ = {
			isa = PBXTargetDependency;
			target = 18B803711F1DA2A300B52432 /* CarWashing */;
			targetProxy = 18B8038C1F1DA2A300B52432 /* PBXContainerItemProxy */;
		};
		18B803981F1DA2A300B52432 /* PBXTargetDependency */ = {
			isa = PBXTargetDependency;
			target = 18B803711F1DA2A300B52432 /* CarWashing */;
			targetProxy = 18B803971F1DA2A300B52432 /* PBXContainerItemProxy */;
		};
/* End PBXTargetDependency section */

/* Begin PBXVariantGroup section */
		18B8037E1F1DA2A300B52432 /* Main.storyboard */ = {
			isa = PBXVariantGroup;
			children = (
				18B8037F1F1DA2A300B52432 /* Base */,
			);
			name = Main.storyboard;
			sourceTree = "<group>";
		};
		18B803831F1DA2A300B52432 /* LaunchScreen.storyboard */ = {
			isa = PBXVariantGroup;
			children = (
				18B803841F1DA2A300B52432 /* Base */,
			);
			name = LaunchScreen.storyboard;
			sourceTree = "<group>";
		};
/* End PBXVariantGroup section */

/* Begin XCBuildConfiguration section */
		18B8039D1F1DA2A300B52432 /* Debug */ = {
			isa = XCBuildConfiguration;
			buildSettings = {
				ALWAYS_SEARCH_USER_PATHS = NO;
				CLANG_ANALYZER_NONNULL = YES;
				CLANG_ANALYZER_NUMBER_OBJECT_CONVERSION = YES_AGGRESSIVE;
				CLANG_CXX_LANGUAGE_STANDARD = "gnu++0x";
				CLANG_CXX_LIBRARY = "libc++";
				CLANG_ENABLE_MODULES = YES;
				CLANG_ENABLE_OBJC_ARC = YES;
				CLANG_WARN_BOOL_CONVERSION = YES;
				CLANG_WARN_CONSTANT_CONVERSION = YES;
				CLANG_WARN_DIRECT_OBJC_ISA_USAGE = YES_ERROR;
				CLANG_WARN_DOCUMENTATION_COMMENTS = YES;
				CLANG_WARN_EMPTY_BODY = YES;
				CLANG_WARN_ENUM_CONVERSION = YES;
				CLANG_WARN_INFINITE_RECURSION = YES;
				CLANG_WARN_INT_CONVERSION = YES;
				CLANG_WARN_OBJC_ROOT_CLASS = YES_ERROR;
				CLANG_WARN_SUSPICIOUS_MOVE = YES;
				CLANG_WARN_UNREACHABLE_CODE = YES;
				CLANG_WARN__DUPLICATE_METHOD_MATCH = YES;
				"CODE_SIGN_IDENTITY[sdk=iphoneos*]" = "iPhone Developer";
				COPY_PHASE_STRIP = NO;
				DEBUG_INFORMATION_FORMAT = dwarf;
				ENABLE_STRICT_OBJC_MSGSEND = YES;
				ENABLE_TESTABILITY = YES;
				GCC_C_LANGUAGE_STANDARD = gnu99;
				GCC_DYNAMIC_NO_PIC = NO;
				GCC_NO_COMMON_BLOCKS = YES;
				GCC_OPTIMIZATION_LEVEL = 0;
				GCC_PREPROCESSOR_DEFINITIONS = (
					"DEBUG=1",
					"$(inherited)",
				);
				GCC_WARN_64_TO_32_BIT_CONVERSION = YES;
				GCC_WARN_ABOUT_RETURN_TYPE = YES_ERROR;
				GCC_WARN_UNDECLARED_SELECTOR = YES;
				GCC_WARN_UNINITIALIZED_AUTOS = YES_AGGRESSIVE;
				GCC_WARN_UNUSED_FUNCTION = YES;
				GCC_WARN_UNUSED_VARIABLE = YES;
				IPHONEOS_DEPLOYMENT_TARGET = 10.3;
				MTL_ENABLE_DEBUG_INFO = YES;
				ONLY_ACTIVE_ARCH = YES;
				SDKROOT = iphoneos;
				TARGETED_DEVICE_FAMILY = "1,2";
			};
			name = Debug;
		};
		18B8039E1F1DA2A300B52432 /* Release */ = {
			isa = XCBuildConfiguration;
			buildSettings = {
				ALWAYS_SEARCH_USER_PATHS = NO;
				CLANG_ANALYZER_NONNULL = YES;
				CLANG_ANALYZER_NUMBER_OBJECT_CONVERSION = YES_AGGRESSIVE;
				CLANG_CXX_LANGUAGE_STANDARD = "gnu++0x";
				CLANG_CXX_LIBRARY = "libc++";
				CLANG_ENABLE_MODULES = YES;
				CLANG_ENABLE_OBJC_ARC = YES;
				CLANG_WARN_BOOL_CONVERSION = YES;
				CLANG_WARN_CONSTANT_CONVERSION = YES;
				CLANG_WARN_DIRECT_OBJC_ISA_USAGE = YES_ERROR;
				CLANG_WARN_DOCUMENTATION_COMMENTS = YES;
				CLANG_WARN_EMPTY_BODY = YES;
				CLANG_WARN_ENUM_CONVERSION = YES;
				CLANG_WARN_INFINITE_RECURSION = YES;
				CLANG_WARN_INT_CONVERSION = YES;
				CLANG_WARN_OBJC_ROOT_CLASS = YES_ERROR;
				CLANG_WARN_SUSPICIOUS_MOVE = YES;
				CLANG_WARN_UNREACHABLE_CODE = YES;
				CLANG_WARN__DUPLICATE_METHOD_MATCH = YES;
				"CODE_SIGN_IDENTITY[sdk=iphoneos*]" = "iPhone Developer";
				COPY_PHASE_STRIP = NO;
				DEBUG_INFORMATION_FORMAT = "dwarf-with-dsym";
				ENABLE_NS_ASSERTIONS = NO;
				ENABLE_STRICT_OBJC_MSGSEND = YES;
				GCC_C_LANGUAGE_STANDARD = gnu99;
				GCC_NO_COMMON_BLOCKS = YES;
				GCC_WARN_64_TO_32_BIT_CONVERSION = YES;
				GCC_WARN_ABOUT_RETURN_TYPE = YES_ERROR;
				GCC_WARN_UNDECLARED_SELECTOR = YES;
				GCC_WARN_UNINITIALIZED_AUTOS = YES_AGGRESSIVE;
				GCC_WARN_UNUSED_FUNCTION = YES;
				GCC_WARN_UNUSED_VARIABLE = YES;
				IPHONEOS_DEPLOYMENT_TARGET = 10.3;
				MTL_ENABLE_DEBUG_INFO = NO;
				SDKROOT = iphoneos;
				TARGETED_DEVICE_FAMILY = "1,2";
				VALIDATE_PRODUCT = YES;
			};
			name = Release;
		};
		18B803A01F1DA2A300B52432 /* Debug */ = {
			isa = XCBuildConfiguration;
			buildSettings = {
				ASSETCATALOG_COMPILER_APPICON_NAME = AppIcon;
				INFOPLIST_FILE = CarWashing/Info.plist;
				LD_RUNPATH_SEARCH_PATHS = "$(inherited) @executable_path/Frameworks";
				PRODUCT_BUNDLE_IDENTIFIER = com.qiangwai.CarWashing;
				PRODUCT_NAME = "$(TARGET_NAME)";
			};
			name = Debug;
		};
		18B803A11F1DA2A300B52432 /* Release */ = {
			isa = XCBuildConfiguration;
			buildSettings = {
				ASSETCATALOG_COMPILER_APPICON_NAME = AppIcon;
				INFOPLIST_FILE = CarWashing/Info.plist;
				LD_RUNPATH_SEARCH_PATHS = "$(inherited) @executable_path/Frameworks";
				PRODUCT_BUNDLE_IDENTIFIER = com.qiangwai.CarWashing;
				PRODUCT_NAME = "$(TARGET_NAME)";
			};
			name = Release;
		};
		18B803A31F1DA2A300B52432 /* Debug */ = {
			isa = XCBuildConfiguration;
			buildSettings = {
				BUNDLE_LOADER = "$(TEST_HOST)";
				INFOPLIST_FILE = CarWashingTests/Info.plist;
				LD_RUNPATH_SEARCH_PATHS = "$(inherited) @executable_path/Frameworks @loader_path/Frameworks";
				PRODUCT_BUNDLE_IDENTIFIER = com.qiangwai.CarWashingTests;
				PRODUCT_NAME = "$(TARGET_NAME)";
				TEST_HOST = "$(BUILT_PRODUCTS_DIR)/CarWashing.app/CarWashing";
			};
			name = Debug;
		};
		18B803A41F1DA2A300B52432 /* Release */ = {
			isa = XCBuildConfiguration;
			buildSettings = {
				BUNDLE_LOADER = "$(TEST_HOST)";
				INFOPLIST_FILE = CarWashingTests/Info.plist;
				LD_RUNPATH_SEARCH_PATHS = "$(inherited) @executable_path/Frameworks @loader_path/Frameworks";
				PRODUCT_BUNDLE_IDENTIFIER = com.qiangwai.CarWashingTests;
				PRODUCT_NAME = "$(TARGET_NAME)";
				TEST_HOST = "$(BUILT_PRODUCTS_DIR)/CarWashing.app/CarWashing";
			};
			name = Release;
		};
		18B803A61F1DA2A300B52432 /* Debug */ = {
			isa = XCBuildConfiguration;
			buildSettings = {
				INFOPLIST_FILE = CarWashingUITests/Info.plist;
				LD_RUNPATH_SEARCH_PATHS = "$(inherited) @executable_path/Frameworks @loader_path/Frameworks";
				PRODUCT_BUNDLE_IDENTIFIER = com.qiangwai.CarWashingUITests;
				PRODUCT_NAME = "$(TARGET_NAME)";
				TEST_TARGET_NAME = CarWashing;
			};
			name = Debug;
		};
		18B803A71F1DA2A300B52432 /* Release */ = {
			isa = XCBuildConfiguration;
			buildSettings = {
				INFOPLIST_FILE = CarWashingUITests/Info.plist;
				LD_RUNPATH_SEARCH_PATHS = "$(inherited) @executable_path/Frameworks @loader_path/Frameworks";
				PRODUCT_BUNDLE_IDENTIFIER = com.qiangwai.CarWashingUITests;
				PRODUCT_NAME = "$(TARGET_NAME)";
				TEST_TARGET_NAME = CarWashing;
			};
			name = Release;
		};
/* End XCBuildConfiguration section */

/* Begin XCConfigurationList section */
		18B8036D1F1DA2A300B52432 /* Build configuration list for PBXProject "CarWashing" */ = {
			isa = XCConfigurationList;
			buildConfigurations = (
				18B8039D1F1DA2A300B52432 /* Debug */,
				18B8039E1F1DA2A300B52432 /* Release */,
			);
			defaultConfigurationIsVisible = 0;
			defaultConfigurationName = Release;
		};
		18B8039F1F1DA2A300B52432 /* Build configuration list for PBXNativeTarget "CarWashing" */ = {
			isa = XCConfigurationList;
			buildConfigurations = (
				18B803A01F1DA2A300B52432 /* Debug */,
				18B803A11F1DA2A300B52432 /* Release */,
			);
			defaultConfigurationIsVisible = 0;
		};
		18B803A21F1DA2A300B52432 /* Build configuration list for PBXNativeTarget "CarWashingTests" */ = {
			isa = XCConfigurationList;
			buildConfigurations = (
				18B803A31F1DA2A300B52432 /* Debug */,
				18B803A41F1DA2A300B52432 /* Release */,
			);
			defaultConfigurationIsVisible = 0;
		};
		18B803A51F1DA2A300B52432 /* Build configuration list for PBXNativeTarget "CarWashingUITests" */ = {
			isa = XCConfigurationList;
			buildConfigurations = (
				18B803A61F1DA2A300B52432 /* Debug */,
				18B803A71F1DA2A300B52432 /* Release */,
			);
			defaultConfigurationIsVisible = 0;
		};
/* End XCConfigurationList section */
	};
	rootObject = 18B8036A1F1DA2A300B52432 /* Project object */;
}
